// !$*UTF8*$!
{
	archiveVersion = 1;
	classes = {
	};
	objectVersion = 51;
	objects = {

/* Begin PBXBuildFile section */
		293ECEED25CAF69B0029BFF9 /* AppDelegate.swift in Sources */ = {isa = PBXBuildFile; fileRef = 293ECEEC25CAF69B0029BFF9 /* AppDelegate.swift */; };
		293ECEEF25CAF69B0029BFF9 /* SceneDelegate.swift in Sources */ = {isa = PBXBuildFile; fileRef = 293ECEEE25CAF69B0029BFF9 /* SceneDelegate.swift */; };
		293ECEF125CAF69B0029BFF9 /* ViewController.swift in Sources */ = {isa = PBXBuildFile; fileRef = 293ECEF025CAF69B0029BFF9 /* ViewController.swift */; };
		293ECEF425CAF69B0029BFF9 /* Main.storyboard in Resources */ = {isa = PBXBuildFile; fileRef = 293ECEF225CAF69B0029BFF9 /* Main.storyboard */; };
		293ECEF625CAF69C0029BFF9 /* Assets.xcassets in Resources */ = {isa = PBXBuildFile; fileRef = 293ECEF525CAF69C0029BFF9 /* Assets.xcassets */; };
		293ECEF925CAF69C0029BFF9 /* LaunchScreen.storyboard in Resources */ = {isa = PBXBuildFile; fileRef = 293ECEF725CAF69C0029BFF9 /* LaunchScreen.storyboard */; };
		293ECF0525CAF90F0029BFF9 /* ADConfig.plist in Resources */ = {isa = PBXBuildFile; fileRef = 293ECF0425CAF90F0029BFF9 /* ADConfig.plist */; };
		293ECF0C25CAFDEE0029BFF9 /* ADConfig.swift in Sources */ = {isa = PBXBuildFile; fileRef = 293ECF0825CAFADF0029BFF9 /* ADConfig.swift */; };
		F00F1C5535E011E44EC156E1 /* Pods_AzureADDemo.framework in Frameworks */ = {isa = PBXBuildFile; fileRef = 0127A3E03C88DC0098D0CD2E /* Pods_AzureADDemo.framework */; };
/* End PBXBuildFile section */

/* Begin PBXFileReference section */
		0127A3E03C88DC0098D0CD2E /* Pods_AzureADDemo.framework */ = {isa = PBXFileReference; explicitFileType = wrapper.framework; includeInIndex = 0; path = Pods_AzureADDemo.framework; sourceTree = BUILT_PRODUCTS_DIR; };
		293ECEE925CAF69B0029BFF9 /* AzureADDemo.app */ = {isa = PBXFileReference; explicitFileType = wrapper.application; includeInIndex = 0; path = AzureADDemo.app; sourceTree = BUILT_PRODUCTS_DIR; };
		293ECEEC25CAF69B0029BFF9 /* AppDelegate.swift */ = {isa = PBXFileReference; lastKnownFileType = sourcecode.swift; path = AppDelegate.swift; sourceTree = "<group>"; };
		293ECEEE25CAF69B0029BFF9 /* SceneDelegate.swift */ = {isa = PBXFileReference; lastKnownFileType = sourcecode.swift; path = SceneDelegate.swift; sourceTree = "<group>"; };
		293ECEF025CAF69B0029BFF9 /* ViewController.swift */ = {isa = PBXFileReference; lastKnownFileType = sourcecode.swift; path = ViewController.swift; sourceTree = "<group>"; };
		293ECEF325CAF69B0029BFF9 /* Base */ = {isa = PBXFileReference; lastKnownFileType = file.storyboard; name = Base; path = Base.lproj/Main.storyboard; sourceTree = "<group>"; };
		293ECEF525CAF69C0029BFF9 /* Assets.xcassets */ = {isa = PBXFileReference; lastKnownFileType = folder.assetcatalog; path = Assets.xcassets; sourceTree = "<group>"; };
		293ECEF825CAF69C0029BFF9 /* Base */ = {isa = PBXFileReference; lastKnownFileType = file.storyboard; name = Base; path = Base.lproj/LaunchScreen.storyboard; sourceTree = "<group>"; };
		293ECEFA25CAF69C0029BFF9 /* Info.plist */ = {isa = PBXFileReference; lastKnownFileType = text.plist.xml; path = Info.plist; sourceTree = "<group>"; };
		293ECF0425CAF90F0029BFF9 /* ADConfig.plist */ = {isa = PBXFileReference; lastKnownFileType = text.plist.xml; path = ADConfig.plist; sourceTree = "<group>"; };
		293ECF0825CAFADF0029BFF9 /* ADConfig.swift */ = {isa = PBXFileReference; lastKnownFileType = sourcecode.swift; path = ADConfig.swift; sourceTree = "<group>"; };
		293ECF0E25CAFF090029BFF9 /* AzureADDemo.entitlements */ = {isa = PBXFileReference; lastKnownFileType = text.plist.entitlements; path = AzureADDemo.entitlements; sourceTree = "<group>"; };
		6BCA73A9CF2C510CD6AC091E /* Pods-AzureADDemo.release.xcconfig */ = {isa = PBXFileReference; includeInIndex = 1; lastKnownFileType = text.xcconfig; name = "Pods-AzureADDemo.release.xcconfig"; path = "Target Support Files/Pods-AzureADDemo/Pods-AzureADDemo.release.xcconfig"; sourceTree = "<group>"; };
		6C9778067F63A6422BAC80C1 /* Pods-AzureADDemo.debug.xcconfig */ = {isa = PBXFileReference; includeInIndex = 1; lastKnownFileType = text.xcconfig; name = "Pods-AzureADDemo.debug.xcconfig"; path = "Target Support Files/Pods-AzureADDemo/Pods-AzureADDemo.debug.xcconfig"; sourceTree = "<group>"; };
/* End PBXFileReference section */

/* Begin PBXFrameworksBuildPhase section */
		293ECEE625CAF69B0029BFF9 /* Frameworks */ = {
			isa = PBXFrameworksBuildPhase;
			buildActionMask = 2147483647;
			files = (
				F00F1C5535E011E44EC156E1 /* Pods_AzureADDemo.framework in Frameworks */,
			);
			runOnlyForDeploymentPostprocessing = 0;
		};
/* End PBXFrameworksBuildPhase section */

/* Begin PBXGroup section */
		293ECEE025CAF69B0029BFF9 = {
			isa = PBXGroup;
			children = (
				293ECEEB25CAF69B0029BFF9 /* AzureADDemo */,
				293ECEEA25CAF69B0029BFF9 /* Products */,
				312F14B4959DBF58BCD2CDD9 /* Pods */,
				CB8174ED8AF9956B36B38F88 /* Frameworks */,
			);
			sourceTree = "<group>";
		};
		293ECEEA25CAF69B0029BFF9 /* Products */ = {
			isa = PBXGroup;
			children = (
				293ECEE925CAF69B0029BFF9 /* AzureADDemo.app */,
			);
			name = Products;
			sourceTree = "<group>";
		};
		293ECEEB25CAF69B0029BFF9 /* AzureADDemo */ = {
			isa = PBXGroup;
			children = (
				293ECF0E25CAFF090029BFF9 /* AzureADDemo.entitlements */,
				293ECF0725CAFACF0029BFF9 /* Models */,
				293ECEEC25CAF69B0029BFF9 /* AppDelegate.swift */,
				293ECEEE25CAF69B0029BFF9 /* SceneDelegate.swift */,
				293ECEF025CAF69B0029BFF9 /* ViewController.swift */,
				293ECEF225CAF69B0029BFF9 /* Main.storyboard */,
				293ECEF525CAF69C0029BFF9 /* Assets.xcassets */,
				293ECEF725CAF69C0029BFF9 /* LaunchScreen.storyboard */,
				293ECEFA25CAF69C0029BFF9 /* Info.plist */,
				293ECF0425CAF90F0029BFF9 /* ADConfig.plist */,
			);
			path = AzureADDemo;
			sourceTree = "<group>";
		};
		293ECF0725CAFACF0029BFF9 /* Models */ = {
			isa = PBXGroup;
			children = (
				293ECF0825CAFADF0029BFF9 /* ADConfig.swift */,
			);
			path = Models;
			sourceTree = "<group>";
		};
		312F14B4959DBF58BCD2CDD9 /* Pods */ = {
			isa = PBXGroup;
			children = (
				6C9778067F63A6422BAC80C1 /* Pods-AzureADDemo.debug.xcconfig */,
				6BCA73A9CF2C510CD6AC091E /* Pods-AzureADDemo.release.xcconfig */,
			);
			path = Pods;
			sourceTree = "<group>";
		};
		CB8174ED8AF9956B36B38F88 /* Frameworks */ = {
			isa = PBXGroup;
			children = (
				0127A3E03C88DC0098D0CD2E /* Pods_AzureADDemo.framework */,
			);
			name = Frameworks;
			sourceTree = "<group>";
		};
/* End PBXGroup section */

/* Begin PBXNativeTarget section */
		293ECEE825CAF69B0029BFF9 /* AzureADDemo */ = {
			isa = PBXNativeTarget;
			buildConfigurationList = 293ECEFD25CAF69C0029BFF9 /* Build configuration list for PBXNativeTarget "AzureADDemo" */;
			buildPhases = (
				1CBBD15803F685120F27F398 /* [CP] Check Pods Manifest.lock */,
				293ECEE525CAF69B0029BFF9 /* Sources */,
				293ECEE625CAF69B0029BFF9 /* Frameworks */,
				293ECEE725CAF69B0029BFF9 /* Resources */,
				BF0401B964B0F123C21130BB /* [CP] Embed Pods Frameworks */,
			);
			buildRules = (
			);
			dependencies = (
			);
			name = AzureADDemo;
			productName = AzureADDemo;
			productReference = 293ECEE925CAF69B0029BFF9 /* AzureADDemo.app */;
			productType = "com.apple.product-type.application";
		};
/* End PBXNativeTarget section */

/* Begin PBXProject section */
		293ECEE125CAF69B0029BFF9 /* Project object */ = {
			isa = PBXProject;
			attributes = {
				LastSwiftUpdateCheck = 1240;
				LastUpgradeCheck = 1240;
				TargetAttributes = {
					293ECEE825CAF69B0029BFF9 = {
						CreatedOnToolsVersion = 12.4;
					};
				};
			};
			buildConfigurationList = 293ECEE425CAF69B0029BFF9 /* Build configuration list for PBXProject "AzureADDemo" */;
			compatibilityVersion = "Xcode 9.3";
			developmentRegion = en;
			hasScannedForEncodings = 0;
			knownRegions = (
				en,
				Base,
			);
			mainGroup = 293ECEE025CAF69B0029BFF9;
			productRefGroup = 293ECEEA25CAF69B0029BFF9 /* Products */;
			projectDirPath = "";
			projectRoot = "";
			targets = (
				293ECEE825CAF69B0029BFF9 /* AzureADDemo */,
			);
		};
/* End PBXProject section */

/* Begin PBXResourcesBuildPhase section */
		293ECEE725CAF69B0029BFF9 /* Resources */ = {
			isa = PBXResourcesBuildPhase;
			buildActionMask = 2147483647;
			files = (
				293ECEF925CAF69C0029BFF9 /* LaunchScreen.storyboard in Resources */,
				293ECEF625CAF69C0029BFF9 /* Assets.xcassets in Resources */,
				293ECEF425CAF69B0029BFF9 /* Main.storyboard in Resources */,
				293ECF0525CAF90F0029BFF9 /* ADConfig.plist in Resources */,
			);
			runOnlyForDeploymentPostprocessing = 0;
		};
/* End PBXResourcesBuildPhase section */

/* Begin PBXShellScriptBuildPhase section */
		1CBBD15803F685120F27F398 /* [CP] Check Pods Manifest.lock */ = {
			isa = PBXShellScriptBuildPhase;
			buildActionMask = 2147483647;
			files = (
			);
			inputFileListPaths = (
			);
			inputPaths = (
				"${PODS_PODFILE_DIR_PATH}/Podfile.lock",
				"${PODS_ROOT}/Manifest.lock",
			);
			name = "[CP] Check Pods Manifest.lock";
			outputFileListPaths = (
			);
			outputPaths = (
				"$(DERIVED_FILE_DIR)/Pods-AzureADDemo-checkManifestLockResult.txt",
			);
			runOnlyForDeploymentPostprocessing = 0;
			shellPath = /bin/sh;
			shellScript = "diff \"${PODS_PODFILE_DIR_PATH}/Podfile.lock\" \"${PODS_ROOT}/Manifest.lock\" > /dev/null\nif [ $? != 0 ] ; then\n    # print error to STDERR\n    echo \"error: The sandbox is not in sync with the Podfile.lock. Run 'pod install' or update your CocoaPods installation.\" >&2\n    exit 1\nfi\n# This output is used by Xcode 'outputs' to avoid re-running this script phase.\necho \"SUCCESS\" > \"${SCRIPT_OUTPUT_FILE_0}\"\n";
			showEnvVarsInLog = 0;
		};
		BF0401B964B0F123C21130BB /* [CP] Embed Pods Frameworks */ = {
			isa = PBXShellScriptBuildPhase;
			buildActionMask = 2147483647;
			files = (
			);
			inputFileListPaths = (
				"${PODS_ROOT}/Target Support Files/Pods-AzureADDemo/Pods-AzureADDemo-frameworks-${CONFIGURATION}-input-files.xcfilelist",
			);
			name = "[CP] Embed Pods Frameworks";
			outputFileListPaths = (
				"${PODS_ROOT}/Target Support Files/Pods-AzureADDemo/Pods-AzureADDemo-frameworks-${CONFIGURATION}-output-files.xcfilelist",
			);
			runOnlyForDeploymentPostprocessing = 0;
			shellPath = /bin/sh;
			shellScript = "\"${PODS_ROOT}/Target Support Files/Pods-AzureADDemo/Pods-AzureADDemo-frameworks.sh\"\n";
			showEnvVarsInLog = 0;
		};
/* End PBXShellScriptBuildPhase section */

/* Begin PBXSourcesBuildPhase section */
		293ECEE525CAF69B0029BFF9 /* Sources */ = {
			isa = PBXSourcesBuildPhase;
			buildActionMask = 2147483647;
			files = (
				293ECF0C25CAFDEE0029BFF9 /* ADConfig.swift in Sources */,
				293ECEF125CAF69B0029BFF9 /* ViewController.swift in Sources */,
				293ECEED25CAF69B0029BFF9 /* AppDelegate.swift in Sources */,
				293ECEEF25CAF69B0029BFF9 /* SceneDelegate.swift in Sources */,
			);
			runOnlyForDeploymentPostprocessing = 0;
		};
/* End PBXSourcesBuildPhase section */

/* Begin PBXVariantGroup section */
		293ECEF225CAF69B0029BFF9 /* Main.storyboard */ = {
			isa = PBXVariantGroup;
			children = (
				293ECEF325CAF69B0029BFF9 /* Base */,
			);
			name = Main.storyboard;
			sourceTree = "<group>";
		};
		293ECEF725CAF69C0029BFF9 /* LaunchScreen.storyboard */ = {
			isa = PBXVariantGroup;
			children = (
				293ECEF825CAF69C0029BFF9 /* Base */,
			);
			name = LaunchScreen.storyboard;
			sourceTree = "<group>";
		};
/* End PBXVariantGroup section */

/* Begin XCBuildConfiguration section */
		293ECEFB25CAF69C0029BFF9 /* Debug */ = {
			isa = XCBuildConfiguration;
			buildSettings = {
				ALWAYS_SEARCH_USER_PATHS = NO;
				CLANG_ANALYZER_NONNULL = YES;
				CLANG_ANALYZER_NUMBER_OBJECT_CONVERSION = YES_AGGRESSIVE;
				CLANG_CXX_LANGUAGE_STANDARD = "gnu++14";
				CLANG_CXX_LIBRARY = "libc++";
				CLANG_ENABLE_MODULES = YES;
				CLANG_ENABLE_OBJC_ARC = YES;
				CLANG_ENABLE_OBJC_WEAK = YES;
				CLANG_WARN_BLOCK_CAPTURE_AUTORELEASING = YES;
				CLANG_WARN_BOOL_CONVERSION = YES;
				CLANG_WARN_COMMA = YES;
				CLANG_WARN_CONSTANT_CONVERSION = YES;
				CLANG_WARN_DEPRECATED_OBJC_IMPLEMENTATIONS = YES;
				CLANG_WARN_DIRECT_OBJC_ISA_USAGE = YES_ERROR;
				CLANG_WARN_DOCUMENTATION_COMMENTS = YES;
				CLANG_WARN_EMPTY_BODY = YES;
				CLANG_WARN_ENUM_CONVERSION = YES;
				CLANG_WARN_INFINITE_RECURSION = YES;
				CLANG_WARN_INT_CONVERSION = YES;
				CLANG_WARN_NON_LITERAL_NULL_CONVERSION = YES;
				CLANG_WARN_OBJC_IMPLICIT_RETAIN_SELF = YES;
				CLANG_WARN_OBJC_LITERAL_CONVERSION = YES;
				CLANG_WARN_OBJC_ROOT_CLASS = YES_ERROR;
				CLANG_WARN_QUOTED_INCLUDE_IN_FRAMEWORK_HEADER = YES;
				CLANG_WARN_RANGE_LOOP_ANALYSIS = YES;
				CLANG_WARN_STRICT_PROTOTYPES = YES;
				CLANG_WARN_SUSPICIOUS_MOVE = YES;
				CLANG_WARN_UNGUARDED_AVAILABILITY = YES_AGGRESSIVE;
				CLANG_WARN_UNREACHABLE_CODE = YES;
				CLANG_WARN__DUPLICATE_METHOD_MATCH = YES;
				COPY_PHASE_STRIP = NO;
				DEBUG_INFORMATION_FORMAT = dwarf;
				ENABLE_STRICT_OBJC_MSGSEND = YES;
				ENABLE_TESTABILITY = YES;
				GCC_C_LANGUAGE_STANDARD = gnu11;
				GCC_DYNAMIC_NO_PIC = NO;
				GCC_NO_COMMON_BLOCKS = YES;
				GCC_OPTIMIZATION_LEVEL = 0;
				GCC_PREPROCESSOR_DEFINITIONS = (
					"DEBUG=1",
					"$(inherited)",
				);
				GCC_WARN_64_TO_32_BIT_CONVERSION = YES;
				GCC_WARN_ABOUT_RETURN_TYPE = YES_ERROR;
				GCC_WARN_UNDECLARED_SELECTOR = YES;
				GCC_WARN_UNINITIALIZED_AUTOS = YES_AGGRESSIVE;
				GCC_WARN_UNUSED_FUNCTION = YES;
				GCC_WARN_UNUSED_VARIABLE = YES;
				IPHONEOS_DEPLOYMENT_TARGET = 14.4;
				MTL_ENABLE_DEBUG_INFO = INCLUDE_SOURCE;
				MTL_FAST_MATH = YES;
				ONLY_ACTIVE_ARCH = YES;
				SDKROOT = iphoneos;
				SWIFT_ACTIVE_COMPILATION_CONDITIONS = DEBUG;
				SWIFT_OPTIMIZATION_LEVEL = "-Onone";
			};
			name = Debug;
		};
		293ECEFC25CAF69C0029BFF9 /* Release */ = {
			isa = XCBuildConfiguration;
			buildSettings = {
				ALWAYS_SEARCH_USER_PATHS = NO;
				CLANG_ANALYZER_NONNULL = YES;
				CLANG_ANALYZER_NUMBER_OBJECT_CONVERSION = YES_AGGRESSIVE;
				CLANG_CXX_LANGUAGE_STANDARD = "gnu++14";
				CLANG_CXX_LIBRARY = "libc++";
				CLANG_ENABLE_MODULES = YES;
				CLANG_ENABLE_OBJC_ARC = YES;
				CLANG_ENABLE_OBJC_WEAK = YES;
				CLANG_WARN_BLOCK_CAPTURE_AUTORELEASING = YES;
				CLANG_WARN_BOOL_CONVERSION = YES;
				CLANG_WARN_COMMA = YES;
				CLANG_WARN_CONSTANT_CONVERSION = YES;
				CLANG_WARN_DEPRECATED_OBJC_IMPLEMENTATIONS = YES;
				CLANG_WARN_DIRECT_OBJC_ISA_USAGE = YES_ERROR;
				CLANG_WARN_DOCUMENTATION_COMMENTS = YES;
				CLANG_WARN_EMPTY_BODY = YES;
				CLANG_WARN_ENUM_CONVERSION = YES;
				CLANG_WARN_INFINITE_RECURSION = YES;
				CLANG_WARN_INT_CONVERSION = YES;
				CLANG_WARN_NON_LITERAL_NULL_CONVERSION = YES;
				CLANG_WARN_OBJC_IMPLICIT_RETAIN_SELF = YES;
				CLANG_WARN_OBJC_LITERAL_CONVERSION = YES;
				CLANG_WARN_OBJC_ROOT_CLASS = YES_ERROR;
				CLANG_WARN_QUOTED_INCLUDE_IN_FRAMEWORK_HEADER = YES;
				CLANG_WARN_RANGE_LOOP_ANALYSIS = YES;
				CLANG_WARN_STRICT_PROTOTYPES = YES;
				CLANG_WARN_SUSPICIOUS_MOVE = YES;
				CLANG_WARN_UNGUARDED_AVAILABILITY = YES_AGGRESSIVE;
				CLANG_WARN_UNREACHABLE_CODE = YES;
				CLANG_WARN__DUPLICATE_METHOD_MATCH = YES;
				COPY_PHASE_STRIP = NO;
				DEBUG_INFORMATION_FORMAT = "dwarf-with-dsym";
				ENABLE_NS_ASSERTIONS = NO;
				ENABLE_STRICT_OBJC_MSGSEND = YES;
				GCC_C_LANGUAGE_STANDARD = gnu11;
				GCC_NO_COMMON_BLOCKS = YES;
				GCC_WARN_64_TO_32_BIT_CONVERSION = YES;
				GCC_WARN_ABOUT_RETURN_TYPE = YES_ERROR;
				GCC_WARN_UNDECLARED_SELECTOR = YES;
				GCC_WARN_UNINITIALIZED_AUTOS = YES_AGGRESSIVE;
				GCC_WARN_UNUSED_FUNCTION = YES;
				GCC_WARN_UNUSED_VARIABLE = YES;
				IPHONEOS_DEPLOYMENT_TARGET = 14.4;
				MTL_ENABLE_DEBUG_INFO = NO;
				MTL_FAST_MATH = YES;
				SDKROOT = iphoneos;
				SWIFT_COMPILATION_MODE = wholemodule;
				SWIFT_OPTIMIZATION_LEVEL = "-O";
				VALIDATE_PRODUCT = YES;
			};
			name = Release;
		};
		293ECEFE25CAF69C0029BFF9 /* Debug */ = {
			isa = XCBuildConfiguration;
			baseConfigurationReference = 6C9778067F63A6422BAC80C1 /* Pods-AzureADDemo.debug.xcconfig */;
			buildSettings = {
				ASSETCATALOG_COMPILER_APPICON_NAME = AppIcon;
				ASSETCATALOG_COMPILER_GLOBAL_ACCENT_COLOR_NAME = AccentColor;
				CODE_SIGN_ENTITLEMENTS = AzureADDemo/AzureADDemo.entitlements;
				CODE_SIGN_STYLE = Automatic;
				DEVELOPMENT_TEAM = EWH85CQYYJ;
				INFOPLIST_FILE = AzureADDemo/Info.plist;
				LD_RUNPATH_SEARCH_PATHS = (
					"$(inherited)",
					"@executable_path/Frameworks",
				);
				PRODUCT_BUNDLE_IDENTIFIER = com.ts.AzureADDemo;
				PRODUCT_NAME = "$(TARGET_NAME)";
				SWIFT_VERSION = 5.0;
				TARGETED_DEVICE_FAMILY = "1,2";
			};
			name = Debug;
		};
		293ECEFF25CAF69C0029BFF9 /* Release */ = {
			isa = XCBuildConfiguration;
			baseConfigurationReference = 6BCA73A9CF2C510CD6AC091E /* Pods-AzureADDemo.release.xcconfig */;
			buildSettings = {
				ASSETCATALOG_COMPILER_APPICON_NAME = AppIcon;
				ASSETCATALOG_COMPILER_GLOBAL_ACCENT_COLOR_NAME = AccentColor;
				CODE_SIGN_ENTITLEMENTS = AzureADDemo/AzureADDemo.entitlements;
				CODE_SIGN_STYLE = Automatic;
				DEVELOPMENT_TEAM = EWH85CQYYJ;
				INFOPLIST_FILE = AzureADDemo/Info.plist;
				LD_RUNPATH_SEARCH_PATHS = (
					"$(inherited)",
					"@executable_path/Frameworks",
				);
				PRODUCT_BUNDLE_IDENTIFIER = com.ts.AzureADDemo;
				PRODUCT_NAME = "$(TARGET_NAME)";
				SWIFT_VERSION = 5.0;
				TARGETED_DEVICE_FAMILY = "1,2";
			};
			name = Release;
		};
/* End XCBuildConfiguration section */

/* Begin XCConfigurationList section */
		293ECEE425CAF69B0029BFF9 /* Build configuration list for PBXProject "AzureADDemo" */ = {
			isa = XCConfigurationList;
			buildConfigurations = (
				293ECEFB25CAF69C0029BFF9 /* Debug */,
				293ECEFC25CAF69C0029BFF9 /* Release */,
			);
			defaultConfigurationIsVisible = 0;
			defaultConfigurationName = Release;
		};
		293ECEFD25CAF69C0029BFF9 /* Build configuration list for PBXNativeTarget "AzureADDemo" */ = {
			isa = XCConfigurationList;
			buildConfigurations = (
				293ECEFE25CAF69C0029BFF9 /* Debug */,
				293ECEFF25CAF69C0029BFF9 /* Release */,
			);
			defaultConfigurationIsVisible = 0;
			defaultConfigurationName = Release;
		};
/* End XCConfigurationList section */
	};
	rootObject = 293ECEE125CAF69B0029BFF9 /* Project object */;
}
